{
  "requires": true,
  "lockfileVersion": 1,
  "dependencies": {
    "@types/bson": {
      "version": "4.0.3",
      "resolved": "https://registry.npmjs.org/@types/bson/-/bson-4.0.3.tgz",
      "integrity": "sha512-mVRvYnTOZJz3ccpxhr3wgxVmSeiYinW+zlzQz3SXWaJmD1DuL05Jeq7nKw3SnbKmbleW5qrLG5vdyWe/A9sXhw==",
      "requires": {
        "@types/node": "*"
      }
    },
    "@types/mongodb": {
      "version": "3.6.9",
      "resolved": "https://registry.npmjs.org/@types/mongodb/-/mongodb-3.6.9.tgz",
      "integrity": "sha512-2XSGr/+IOKeFQ5tU9ATcIiIr7bpHqWyOXNGLOOhp0kg2NnfEvoKZF1SZ25j4zvJRqM2WeSUjfWSvymFJ3HBGJQ==",
      "requires": {
        "@types/bson": "*",
        "@types/node": "*"
      }
    },
    "@types/mongoose": {
      "version": "5.10.3",
      "resolved": "https://registry.npmjs.org/@types/mongoose/-/mongoose-5.10.3.tgz",
      "integrity": "sha512-VfdnaFImXEJZZiuL2ID/ysZs4inOIjxwrAnUgkr5eum2O2BLhFkiSI0i87AwignVva1qWTJ3H3DyM0Rf4USJ4A==",
      "requires": {
        "@types/mongodb": "*",
        "@types/node": "*"
      }
    },
    "@types/node": {
      "version": "14.14.34",
      "resolved": "https://registry.npmjs.org/@types/node/-/node-14.14.34.tgz",
      "integrity": "sha512-dBPaxocOK6UVyvhbnpFIj2W+S+1cBTkHQbFQfeeJhoKFbzYcVUGHvddeWPSucKATb3F0+pgDq0i6ghEaZjsugA=="
    }
  }
}
